// !$*UTF8*$!
{
	archiveVersion = 1;
	classes = {
	};
	objectVersion = 77;
	objects = {

/* Begin PBXBuildFile section */
		5D0C0A110000000000000003 /* StockMaskAR in Frameworks */ = {isa = PBXBuildFile; productRef = 5D0C0A110000000000000002 /* StockMaskAR */; };
		5D0C0A110000000000000005 /* StockMaskDetector.mlpackage in Sources */ = {isa = PBXBuildFile; fileRef = 5D0C0A110000000000000004 /* StockMaskDetector.mlpackage */; };
/* End PBXBuildFile section */

/* Begin PBXFileReference section */
		5D0C0A110000000000000001 /* StockMask.app */ = {isa = PBXFileReference; explicitFileType = wrapper.application; includeInIndex = 0; path = StockMask.app; sourceTree = BUILT_PRODUCTS_DIR; };
		5D0C0A110000000000000004 /* StockMaskDetector.mlpackage */ = {isa = PBXFileReference; lastKnownFileType = folder.mlpackage; name = StockMaskDetector.mlpackage; path = ../ml/coreml/out/StockMaskDetector.mlpackage; sourceTree = SOURCE_ROOT; };
/* End PBXFileReference section */

/* Begin PBXFileSystemSynchronizedBuildFileExceptionSet section */
		5D0C0A110000000000000006 /* Exceptions for "StockMask" folder in "StockMask" target */ = {
			isa = PBXFileSystemSynchronizedBuildFileExceptionSet;
			membershipExceptions = (
				Info.plist,
				README.md,
			);
			target = 5D0C0A11000000000000000B /* StockMask */;
		};
/* End PBXFileSystemSynchronizedBuildFileExceptionSet section */

/* Begin PBXFileSystemSynchronizedRootGroup section */
		5D0C0A110000000000000007 /* StockMask */ = {
			isa = PBXFileSystemSynchronizedRootGroup;
			exceptions = (
				5D0C0A110000000000000006 /* Exceptions for "StockMask" folder in "StockMask" target */,
			);
			path = StockMask;
			sourceTree = "<group>";
		};
/* End PBXFileSystemSynchronizedRootGroup section */

/* Begin PBXFrameworksBuildPhase section */
		5D0C0A110000000000000008 /* Frameworks */ = {
			isa = PBXFrameworksBuildPhase;
			buildActionMask = 2147483647;
			files = (
				5D0C0A110000000000000003 /* StockMaskAR in Frameworks */,
			);
			runOnlyForDeploymentPostprocessing = 0;
		};
/* End PBXFrameworksBuildPhase section */

/* Begin PBXGroup section */
		5D0C0A110000000000000009 = {
			isa = PBXGroup;
			children = (
				5D0C0A110000000000000007 /* StockMask */,
				5D0C0A110000000000000004 /* StockMaskDetector.mlpackage */,
				5D0C0A11000000000000000A /* Products */,
			);
			sourceTree = "<group>";
		};
		5D0C0A11000000000000000A /* Products */ = {
			isa = PBXGroup;
			children = (
				5D0C0A110000000000000001 /* StockMask.app */,
			);
			name = Products;
			sourceTree = "<group>";
		};
/* End PBXGroup section */

/* Begin PBXNativeTarget section */
		5D0C0A11000000000000000B /* StockMask */ = {
			isa = PBXNativeTarget;
			buildConfigurationList = 5D0C0A11000000000000000C /* Build configuration list for PBXNativeTarget "StockMask" */;
			buildPhases = (
				5D0C0A11000000000000000D /* Sources */,
				5D0C0A110000000000000008 /* Frameworks */,
				5D0C0A11000000000000000E /* Resources */,
			);
			buildRules = (
			);
			dependencies = (
			);
			fileSystemSynchronizedGroups = (
				5D0C0A110000000000000007 /* StockMask */,
			);
			name = StockMask;
			packageProductDependencies = (
				5D0C0A110000000000000002 /* StockMaskAR */,
			);
			productName = StockMask;
			productReference = 5D0C0A110000000000000001 /* StockMask.app */;
			productType = "com.apple.product-type.application";
		};
/* End PBXNativeTarget section */

/* Begin PBXProject section */
		5D0C0A11000000000000000F /* Project object */ = {
			isa = PBXProject;
			attributes = {
				BuildIndependentTargetsInParallel = 1;
				LastSwiftUpdateCheck = 2700;
				LastUpgradeCheck = 2700;
				TargetAttributes = {
					5D0C0A11000000000000000B = {
						CreatedOnToolsVersion = 27.0;
					};
				};
			};
			buildConfigurationList = 5D0C0A110000000000000010 /* Build configuration list for PBXProject "StockMask" */;
			developmentRegion = en;
			hasScannedForEncodings = 0;
			knownRegions = (
				en,
				Base,
				"es-419",
			);
			mainGroup = 5D0C0A110000000000000009;
			minimizedProjectReferenceProxies = 1;
			packageReferences = (
				5D0C0A110000000000000011 /* XCLocalSwiftPackageReference "Packages/StockMaskAR" */,
			);
			preferredProjectObjectVersion = 77;
			productRefGroup = 5D0C0A11000000000000000A /* Products */;
			projectDirPath = "";
			projectRoot = "";
			targets = (
				5D0C0A11000000000000000B /* StockMask */,
			);
		};
/* End PBXProject section */

/* Begin PBXResourcesBuildPhase section */
		5D0C0A11000000000000000E /* Resources */ = {
			isa = PBXResourcesBuildPhase;
			buildActionMask = 2147483647;
			files = (
			);
			runOnlyForDeploymentPostprocessing = 0;
		};
/* End PBXResourcesBuildPhase section */

/* Begin PBXSourcesBuildPhase section */
		5D0C0A11000000000000000D /* Sources */ = {
			isa = PBXSourcesBuildPhase;
			buildActionMask = 2147483647;
			files = (
				5D0C0A110000000000000005 /* StockMaskDetector.mlpackage in Sources */,
			);
			runOnlyForDeploymentPostprocessing = 0;
		};
/* End PBXSourcesBuildPhase section */

/* Begin XCBuildConfiguration section */
		5D0C0A110000000000000014 /* Debug */ = {
			isa = XCBuildConfiguration;
			buildSettings = {
				ALWAYS_SEARCH_USER_PATHS = NO;
				ASSETCATALOG_COMPILER_GENERATE_SWIFT_ASSET_SYMBOL_EXTENSIONS = YES;
				CLANG_ANALYZER_NONNULL = YES;
				CLANG_ENABLE_MODULES = YES;
				CLANG_ENABLE_OBJC_ARC = YES;
				COPY_PHASE_STRIP = NO;
				ENABLE_STRICT_OBJC_MSGSEND = YES;
				ENABLE_USER_SCRIPT_SANDBOXING = YES;
				GCC_C_LANGUAGE_STANDARD = gnu17;
				IPHONEOS_DEPLOYMENT_TARGET = 18.0;
				LOCALIZATION_PREFERS_STRING_CATALOGS = YES;
				MTL_FAST_MATH = YES;
				SDKROOT = iphoneos;
				DEBUG_INFORMATION_FORMAT = dwarf;
				ENABLE_TESTABILITY = YES;
				GCC_OPTIMIZATION_LEVEL = 0;
				MTL_ENABLE_DEBUG_INFO = INCLUDE_SOURCE;
				ONLY_ACTIVE_ARCH = YES;
				SWIFT_ACTIVE_COMPILATION_CONDITIONS = "DEBUG $(inherited)";
				SWIFT_OPTIMIZATION_LEVEL = "-Onone";
			};
			name = Debug;
		};
		5D0C0A110000000000000015 /* Release */ = {
			isa = XCBuildConfiguration;
			buildSettings = {
				ALWAYS_SEARCH_USER_PATHS = NO;
				ASSETCATALOG_COMPILER_GENERATE_SWIFT_ASSET_SYMBOL_EXTENSIONS = YES;
				CLANG_ANALYZER_NONNULL = YES;
				CLANG_ENABLE_MODULES = YES;
				CLANG_ENABLE_OBJC_ARC = YES;
				COPY_PHASE_STRIP = NO;
				ENABLE_STRICT_OBJC_MSGSEND = YES;
				ENABLE_USER_SCRIPT_SANDBOXING = YES;
				GCC_C_LANGUAGE_STANDARD = gnu17;
				IPHONEOS_DEPLOYMENT_TARGET = 18.0;
				LOCALIZATION_PREFERS_STRING_CATALOGS = YES;
				MTL_FAST_MATH = YES;
				SDKROOT = iphoneos;
				DEBUG_INFORMATION_FORMAT = "dwarf-with-dsym";
				ENABLE_NS_ASSERTIONS = NO;
				MTL_ENABLE_DEBUG_INFO = NO;
				SWIFT_COMPILATION_MODE = wholemodule;
				VALIDATE_PRODUCT = YES;
			};
			name = Release;
		};
		5D0C0A110000000000000012 /* Debug */ = {
			isa = XCBuildConfiguration;
			buildSettings = {
				ASSETCATALOG_COMPILER_APPICON_NAME = AppIcon;
				ASSETCATALOG_COMPILER_GLOBAL_ACCENT_COLOR_NAME = AccentColor;
				CODE_SIGN_STYLE = Automatic;
				COREML_CODEGEN_LANGUAGE = None;
				CURRENT_PROJECT_VERSION = 1;
				ENABLE_PREVIEWS = YES;
				GENERATE_INFOPLIST_FILE = YES;
				INFOPLIST_FILE = StockMask/Info.plist;
				INFOPLIST_KEY_CFBundleDisplayName = StockMask;
				INFOPLIST_KEY_UIApplicationSceneManifest_Generation = YES;
				INFOPLIST_KEY_UIApplicationSupportsIndirectInputEvents = YES;
				LD_RUNPATH_SEARCH_PATHS = (
					"$(inherited)",
					"@executable_path/Frameworks",
				);
				MARKETING_VERSION = 0.1;
				PRODUCT_BUNDLE_IDENTIFIER = com.pluton74mac.stockmask;
				PRODUCT_NAME = "$(TARGET_NAME)";
				SUPPORTED_PLATFORMS = "iphoneos iphonesimulator";
				SUPPORTS_MACCATALYST = NO;
				SUPPORTS_MAC_DESIGNED_FOR_IPHONE_IPAD = NO;
				SWIFT_EMIT_LOC_STRINGS = YES;
				SWIFT_VERSION = 6.0;
				TARGETED_DEVICE_FAMILY = "1,2";
			};
			name = Debug;
		};
		5D0C0A110000000000000013 /* Release */ = {
			isa = XCBuildConfiguration;
			buildSettings = {
				ASSETCATALOG_COMPILER_APPICON_NAME = AppIcon;
				ASSETCATALOG_COMPILER_GLOBAL_ACCENT_COLOR_NAME = AccentColor;
				CODE_SIGN_STYLE = Automatic;
				COREML_CODEGEN_LANGUAGE = None;
				CURRENT_PROJECT_VERSION = 1;
				ENABLE_PREVIEWS = YES;
				GENERATE_INFOPLIST_FILE = YES;
				INFOPLIST_FILE = StockMask/Info.plist;
				INFOPLIST_KEY_CFBundleDisplayName = StockMask;
				INFOPLIST_KEY_UIApplicationSceneManifest_Generation = YES;
				INFOPLIST_KEY_UIApplicationSupportsIndirectInputEvents = YES;
				LD_RUNPATH_SEARCH_PATHS = (
					"$(inherited)",
					"@executable_path/Frameworks",
				);
				MARKETING_VERSION = 0.1;
				PRODUCT_BUNDLE_IDENTIFIER = com.pluton74mac.stockmask;
				PRODUCT_NAME = "$(TARGET_NAME)";
				SUPPORTED_PLATFORMS = "iphoneos iphonesimulator";
				SUPPORTS_MACCATALYST = NO;
				SUPPORTS_MAC_DESIGNED_FOR_IPHONE_IPAD = NO;
				SWIFT_EMIT_LOC_STRINGS = YES;
				SWIFT_VERSION = 6.0;
				TARGETED_DEVICE_FAMILY = "1,2";
			};
			name = Release;
		};
/* End XCBuildConfiguration section */

/* Begin XCConfigurationList section */
		5D0C0A110000000000000010 /* Build configuration list for PBXProject "StockMask" */ = {
			isa = XCConfigurationList;
			buildConfigurations = (
				5D0C0A110000000000000014 /* Debug */,
				5D0C0A110000000000000015 /* Release */,
			);
			defaultConfigurationIsVisible = 0;
			defaultConfigurationName = Release;
		};
		5D0C0A11000000000000000C /* Build configuration list for PBXNativeTarget "StockMask" */ = {
			isa = XCConfigurationList;
			buildConfigurations = (
				5D0C0A110000000000000012 /* Debug */,
				5D0C0A110000000000000013 /* Release */,
			);
			defaultConfigurationIsVisible = 0;
			defaultConfigurationName = Release;
		};
/* End XCConfigurationList section */

/* Begin XCLocalSwiftPackageReference section */
		5D0C0A110000000000000011 /* XCLocalSwiftPackageReference "Packages/StockMaskAR" */ = {
			isa = XCLocalSwiftPackageReference;
			relativePath = Packages/StockMaskAR;
		};
/* End XCLocalSwiftPackageReference section */

/* Begin XCSwiftPackageProductDependency section */
		5D0C0A110000000000000002 /* StockMaskAR */ = {
			isa = XCSwiftPackageProductDependency;
			productName = StockMaskAR;
		};
/* End XCSwiftPackageProductDependency section */
	};
	rootObject = 5D0C0A11000000000000000F /* Project object */;
}
